github.com/aws/aws-sdk-go-v2/service/dynamodb v1.53.5 h1:mSBrQCXMjEvLHsYyJVbN8QQlcITXwHEuu+8mX9e2bSo=
github.com/aws/aws-sdk-go-v2/service/dynamodb v1.53.5/go.mod h1:eEuD0vTf9mIzsSjGBFWIaNQwtH5/mzViJOVQfnMY5DE=
github.com/aws/aws-sdk-go-v2/service/ec2 v1.279.0 h1:o7eJKe6VYAnqERPlLAvDW5VKXV6eTKv1oxTpMoDP378=
github.com/aws/aws-sdk-go-v2/service/ec2 v1.279.0/go.mod h1:Wg68QRgy2gEGGdmTPU/UbVpdv8sM14bUZmF64KFwAsY=
github.com/aws/aws-sdk-go-v2/service/ecs v1.70.0 h1:IZpZatHsscdOKjwmDXC6idsCXmm3F/obutAUNjnX+OM=
github.com/aws/aws-sdk-go-v2/service/ecs v1.70.0/go.mod h1:LQMlcWBoiFVD3vUVEz42ST0yTiaDujv2dRE6sXt1yPE=
github.com/aws/aws-sdk-go-v2/service/lambda v1.87.0 h1:E5UXxF3vK3JuViwKCHfTJBIiFjvE4aytSucZjI2UAlQ=
github.com/aws/aws-sdk-go-v2/service/lambda v1.87.0/go.mod h1:6f64Y1BEf6e1uCI+LtGbcZSKDK1GvgJ+iI4vP/bbE8s=
github.com/aws/aws-sdk-go-v2/service/s3 v1.95.0 h1:MIWra+MSq53CFaXXAywB2qg9YvVZifkk6vEGl/1Qor0=
github.com/aws/aws-sdk-go-v2/service/s3 v1.95.0/go.mod h1:79S2BdqCJpScXZA2y+cpZuocWsjGjJINyXnOsf5DTz8=
github.com/aws/smithy-go v1.24.0 h1:LpilSUItNPFr1eY85RYgTIg5eIEPtvFbskaFcmmIUnk=
github.com/aws/smithy-go v1.24.0/go.mod h1:LEj2LM3rBRQJxPZTB4KuzZkaZYnZPnvgIhb4pu07mx0=
gopkg.in/check.v1 v0.0.0-20161208181325-20d25e280405 h1:yhCVgyC4o1eVCa2tZl7eS0r+SDo693bJlVdllGtEeKM=
gopkg.in/check.v1 v0.0.0-20161208181325-20d25e280405/go.mod h1:Co6ibVJAznAaIkqp8huTwlJQCZ016jof/cbN4VW5Yz0=
gopkg.in/yaml.v3 v3.0.1 h1:fxVm/GzAzEWqLHuvctI91KS9hhNmmWOoWu0XTYJS7CA=
gopkg.in/yaml.v3 v3.0.1/go.mod h1:K4uyk7z7BCEPqu6E+C64Yfv1cQ7kz7rIZviUmN+EgEM=
